
Microsoft Visual Studio Solution File, Format Version 11.00
# Visual Studio 2010
Project("{FAE04EC0-301F-11D3-BF4B-00C04F79EFBC}") = "SeShell.Test", "SeShellTest\SeShell.Test.csproj", "{39A06612-5E45-462B-8E00-1EED59700717}"
EndProject
Project("{FAE04EC0-301F-11D3-BF4B-00C04F79EFBC}") = "SeShellTestStudio", "SeShellTestStudio\SeShellTestStudio.csproj", "{D14E19F1-D2DE-48EB-B208-65F6D888D492}"
EndProject
Global
	GlobalSection(SolutionConfigurationPlatforms) = preSolution
		Debug|Any CPU = Debug|Any CPU
		Release|Any CPU = Release|Any CPU
	EndGlobalSection
	GlobalSection(ProjectConfigurationPlatforms) = postSolution
		{39A06612-5E45-462B-8E00-1EED59700717}.Debug|Any CPU.ActiveCfg = Debug|Any CPU
		{39A06612-5E45-462B-8E00-1EED59700717}.Debug|Any CPU.Build.0 = Debug|Any CPU
		{39A06612-5E45-462B-8E00-1EED59700717}.Release|Any CPU.ActiveCfg = Release|Any CPU
		{39A06612-5E45-462B-8E00-1EED59700717}.Release|Any CPU.Build.0 = Release|Any CPU
		{D14E19F1-D2DE-48EB-B208-65F6D888D492}.Debug|Any CPU.ActiveCfg = Debug|Any CPU
		{D14E19F1-D2DE-48EB-B208-65F6D888D492}.Debug|Any CPU.Build.0 = Debug|Any CPU
		{D14E19F1-D2DE-48EB-B208-65F6D888D492}.Release|Any CPU.ActiveCfg = Release|Any CPU
		{D14E19F1-D2DE-48EB-B208-65F6D888D492}.Release|Any CPU.Build.0 = Release|Any CPU
	EndGlobalSection
	GlobalSection(SolutionProperties) = preSolution
		HideSolutionNode = FALSE
	EndGlobalSection
EndGlobal
